schema: '2.0'
stages:
  data_collection:
    cmd: python src/data/data_collection.py
    deps:
    - path: src/data/data_collection.py
      hash: md5
      md5: cecc2dc937c74ed5f18e51883e95b9f9
      size: 2872
    params:
      params.yaml:
        data_collection.test_size: 0.5
        data_collection.val_test_size: 0.3
    outs:
    - path: datas/interim
      hash: md5
      md5: b09d7ba1187575e1c15497acee2f7f9c.dir
      size: 5217448
      nfiles: 3
  data_preprocess:
    cmd: python src/features/data_preprocess.py
    deps:
    - path: datas/interim
      hash: md5
      md5: b09d7ba1187575e1c15497acee2f7f9c.dir
      size: 5217448
      nfiles: 3
    - path: src/features/data_preprocess.py
      hash: md5
      md5: 449e1024dfa8aedce8f1e6a4092326e1
      size: 9746
    outs:
    - path: datas/processed
      hash: md5
      md5: 2b0c6d6a962b060630d54e6f88801049.dir
      size: 14871334
      nfiles: 3
    - path: models/one_hot_encoder.pkl
      hash: md5
      md5: aef819a0d44ed5258e8c7485894d37fc
      size: 2784
    - path: models/ordinal_encoder.pkl
      hash: md5
      md5: d4d145ed59c92f3be01d797d9153ec73
      size: 1126
    - path: models/standardscaler.pkl
      hash: md5
      md5: 5ba74c5559cbea156059a30d8b1304d0
      size: 2463
  model_building:
    cmd: python src/model/model_building.py
    deps:
    - path: datas/processed
      hash: md5
      md5: 2b0c6d6a962b060630d54e6f88801049.dir
      size: 14871334
      nfiles: 3
    - path: src/model/model_building.py
      hash: md5
      md5: 91640afef532e7614ab4307bd9f16a7b
      size: 8125
    params:
      params.yaml:
        model_building.catboost_model:
          depth: 6
          iterations: 700
          learning_rate: 0.1
          task_type: CPU
          eval_metric: RMSE
        model_building.lightgbm_model:
          colsample_bytree: 0.8
          device: gpu
          learning_rate: 0.05
          n_estimators: 400
          verbosity: -1
          eval_metric: rmse
        model_building.xgboost_model:
          colsample_bytree: 0.7
          learning_rate: 0.1
          max_depth: 5
          n_estimators: 500
          eval_metric: rmse
    outs:
    - path: models/catboost.pkl
      hash: md5
      md5: 8a5c0d25023a49f2045ce56a2120a9f4
      size: 871342
    - path: models/ensemble_model.pkl
      hash: md5
      md5: 52cc1b0834f452468ad59d05322fe7a0
      size: 6691925
    - path: models/lightgbm.pkl
      hash: md5
      md5: 7787aaf60697408c45b2235a1c71c95d
      size: 1184515
    - path: models/logs
      hash: md5
      md5: 4d1c5da1312404444f779edecc99d0cf.dir
      size: 16173919
      nfiles: 3
    - path: models/xgboost.pkl
      hash: md5
      md5: 03d7ef33ad000004368222ce68c5f3ca
      size: 1346461
  model_evaluation:
    cmd: python src/model/model_eval.py
    deps:
    - path: datas/processed
      hash: md5
      md5: 2b0c6d6a962b060630d54e6f88801049.dir
      size: 14871334
      nfiles: 3
    - path: models
      hash: md5
      md5: ec4a97082a5d8ac49bd86a5904477dbf.dir
      size: 26274537
      nfiles: 11
    - path: src/model/model_eval.py
      hash: md5
      md5: 1ee5e8bcb275ba8d661aa94a2623a399
      size: 2458
    outs:
    - path: reports/test_metrics.json
      hash: md5
      md5: 349730e608ff83838d7c254b812c2f32
      size: 183
